# THIS IS AN AUTOGENERATED FILE. DO NOT EDIT THIS FILE DIRECTLY.
# yarn lockfile v1


"@babel/parser@^7.16.4":
  version "7.18.11"
  resolved "https://registry.npmmirror.com/@babel/parser/-/parser-7.18.11.tgz#68bb07ab3d380affa9a3f96728df07969645d2d9"
  integrity sha512-9JKn5vN+hDt0Hdqn1PiJ2guflwP+B6Ga8qbDuoF0PzzVhrzsKIJo8yGqVk6CmMHiMei9w1C1Bp9IMJSIK+HPIQ==

"@esbuild/linux-loong64@0.14.53":
  version "0.14.53"
  resolved "https://registry.npmmirror.com/@esbuild/linux-loong64/-/linux-loong64-0.14.53.tgz#251b4cd6760fadb4d68a05815e6dc5e432d69cd6"
  integrity sha512-W2dAL6Bnyn4xa/QRSU3ilIK4EzD5wgYXKXJiS1HDF5vU3675qc2bvFyLwbUcdmssDveyndy7FbitrCoiV/eMLg==

"@types/node@^18.11.18":
  version "18.11.18"
  resolved "https://registry.npmmirror.com/@types/node/-/node-18.11.18.tgz#8dfb97f0da23c2293e554c5a50d61ef134d7697f"
  integrity sha512-DHQpWGjyQKSHj3ebjFI/wRKcqQcdR+MoFBygntYOZytCqNfkd2ZC4ARDJ2DQqhjH5p85Nnd3jhUJIXrszFX/JA==

"@vitejs/plugin-vue@^3.0.0":
  version "3.0.1"
  resolved "https://registry.npmmirror.com/@vitejs/plugin-vue/-/plugin-vue-3.0.1.tgz#b6af8f782485374bbb5fe09edf067a845bf4caae"
  integrity sha512-Ll9JgxG7ONIz/XZv3dssfoMUDu9qAnlJ+km+pBA0teYSXzwPCIzS/e1bmwNYl5dcQGs677D21amgfYAnzMl17A==

"@vue/compiler-core@3.2.37":
  version "3.2.37"
  resolved "https://registry.npmmirror.com/@vue/compiler-core/-/compiler-core-3.2.37.tgz#b3c42e04c0e0f2c496ff1784e543fbefe91e215a"
  integrity sha512-81KhEjo7YAOh0vQJoSmAD68wLfYqJvoiD4ulyedzF+OEk/bk6/hx3fTNVfuzugIIaTrOx4PGx6pAiBRe5e9Zmg==
  dependencies:
    "@babel/parser" "^7.16.4"
    "@vue/shared" "3.2.37"
    estree-walker "^2.0.2"
    source-map "^0.6.1"

"@vue/compiler-dom@3.2.37":
  version "3.2.37"
  resolved "https://registry.npmmirror.com/@vue/compiler-dom/-/compiler-dom-3.2.37.tgz#10d2427a789e7c707c872da9d678c82a0c6582b5"
  integrity sha512-yxJLH167fucHKxaqXpYk7x8z7mMEnXOw3G2q62FTkmsvNxu4FQSu5+3UMb+L7fjKa26DEzhrmCxAgFLLIzVfqQ==
  dependencies:
    "@vue/compiler-core" "3.2.37"
    "@vue/shared" "3.2.37"

"@vue/compiler-sfc@3.2.37":
  version "3.2.37"
  resolved "https://registry.npmmirror.com/@vue/compiler-sfc/-/compiler-sfc-3.2.37.tgz#3103af3da2f40286edcd85ea495dcb35bc7f5ff4"
  integrity sha512-+7i/2+9LYlpqDv+KTtWhOZH+pa8/HnX/905MdVmAcI/mPQOBwkHHIzrsEsucyOIZQYMkXUiTkmZq5am/NyXKkg==
  dependencies:
    "@babel/parser" "^7.16.4"
    "@vue/compiler-core" "3.2.37"
    "@vue/compiler-dom" "3.2.37"
    "@vue/compiler-ssr" "3.2.37"
    "@vue/reactivity-transform" "3.2.37"
    "@vue/shared" "3.2.37"
    estree-walker "^2.0.2"
    magic-string "^0.25.7"
    postcss "^8.1.10"
    source-map "^0.6.1"

"@vue/compiler-ssr@3.2.37":
  version "3.2.37"
  resolved "https://registry.npmmirror.com/@vue/compiler-ssr/-/compiler-ssr-3.2.37.tgz#4899d19f3a5fafd61524a9d1aee8eb0505313cff"
  integrity sha512-7mQJD7HdXxQjktmsWp/J67lThEIcxLemz1Vb5I6rYJHR5vI+lON3nPGOH3ubmbvYGt8xEUaAr1j7/tIFWiEOqw==
  dependencies:
    "@vue/compiler-dom" "3.2.37"
    "@vue/shared" "3.2.37"

"@vue/devtools-api@^6.4.5":
  version "6.4.5"
  resolved "https://registry.npmmirror.com/@vue/devtools-api/-/devtools-api-6.4.5.tgz#d54e844c1adbb1e677c81c665ecef1a2b4bb8380"
  integrity sha512-JD5fcdIuFxU4fQyXUu3w2KpAJHzTVdN+p4iOX2lMWSHMOoQdMAcpFLZzm9Z/2nmsoZ1a96QEhZ26e50xLBsgOQ==

"@vue/reactivity-transform@3.2.37":
  version "3.2.37"
  resolved "https://registry.npmmirror.com/@vue/reactivity-transform/-/reactivity-transform-3.2.37.tgz#0caa47c4344df4ae59f5a05dde2a8758829f8eca"
  integrity sha512-IWopkKEb+8qpu/1eMKVeXrK0NLw9HicGviJzhJDEyfxTR9e1WtpnnbYkJWurX6WwoFP0sz10xQg8yL8lgskAZg==
  dependencies:
    "@babel/parser" "^7.16.4"
    "@vue/compiler-core" "3.2.37"
    "@vue/shared" "3.2.37"
    estree-walker "^2.0.2"
    magic-string "^0.25.7"

"@vue/reactivity@3.2.37":
  version "3.2.37"
  resolved "https://registry.npmmirror.com/@vue/reactivity/-/reactivity-3.2.37.tgz#5bc3847ac58828e2b78526e08219e0a1089f8848"
  integrity sha512-/7WRafBOshOc6m3F7plwzPeCu/RCVv9uMpOwa/5PiY1Zz+WLVRWiy0MYKwmg19KBdGtFWsmZ4cD+LOdVPcs52A==
  dependencies:
    "@vue/shared" "3.2.37"

"@vue/runtime-core@3.2.37":
  version "3.2.37"
  resolved "https://registry.npmmirror.com/@vue/runtime-core/-/runtime-core-3.2.37.tgz#7ba7c54bb56e5d70edfc2f05766e1ca8519966e3"
  integrity sha512-JPcd9kFyEdXLl/i0ClS7lwgcs0QpUAWj+SKX2ZC3ANKi1U4DOtiEr6cRqFXsPwY5u1L9fAjkinIdB8Rz3FoYNQ==
  dependencies:
    "@vue/reactivity" "3.2.37"
    "@vue/shared" "3.2.37"

"@vue/runtime-dom@3.2.37":
  version "3.2.37"
  resolved "https://registry.npmmirror.com/@vue/runtime-dom/-/runtime-dom-3.2.37.tgz#002bdc8228fa63949317756fb1e92cdd3f9f4bbd"
  integrity sha512-HimKdh9BepShW6YozwRKAYjYQWg9mQn63RGEiSswMbW+ssIht1MILYlVGkAGGQbkhSh31PCdoUcfiu4apXJoPw==
  dependencies:
    "@vue/runtime-core" "3.2.37"
    "@vue/shared" "3.2.37"
    csstype "^2.6.8"

"@vue/server-renderer@3.2.37":
  version "3.2.37"
  resolved "https://registry.npmmirror.com/@vue/server-renderer/-/server-renderer-3.2.37.tgz#840a29c8dcc29bddd9b5f5ffa22b95c0e72afdfc"
  integrity sha512-kLITEJvaYgZQ2h47hIzPh2K3jG8c1zCVbp/o/bzQOyvzaKiCquKS7AaioPI28GNxIsE/zSx+EwWYsNxDCX95MA==
  dependencies:
    "@vue/compiler-ssr" "3.2.37"
    "@vue/shared" "3.2.37"

"@vue/shared@3.2.37":
  version "3.2.37"
  resolved "https://registry.npmmirror.com/@vue/shared/-/shared-3.2.37.tgz#8e6adc3f2759af52f0e85863dfb0b711ecc5c702"
  integrity sha512-4rSJemR2NQIo9Klm1vabqWjD8rs/ZaJSzMxkMNeJS6lHiUjjUeYFbooN19NgFjztubEKh3WlZUeOLVdbbUWHsw==

boolbase@^1.0.0:
  version "1.0.0"
  resolved "https://registry.npmmirror.com/boolbase/-/boolbase-1.0.0.tgz#68dff5fbe60c51eb37725ea9e3ed310dcc1e776e"
  integrity sha512-JZOSA7Mo9sNGB8+UjSgzdLtokWAky1zbztM3WRLCbZ70/3cTANmQmOdR7y2g+J0e2WXywy1yS468tY+IruqEww==

cheerio-select@^2.1.0:
  version "2.1.0"
  resolved "https://registry.npmmirror.com/cheerio-select/-/cheerio-select-2.1.0.tgz#4d8673286b8126ca2a8e42740d5e3c4884ae21b4"
  integrity sha512-9v9kG0LvzrlcungtnJtpGNxY+fzECQKhK4EGJX2vByejiMX84MFNQw4UxPJl3bFbTMw+Dfs37XaIkCwTZfLh4g==
  dependencies:
    boolbase "^1.0.0"
    css-select "^5.1.0"
    css-what "^6.1.0"
    domelementtype "^2.3.0"
    domhandler "^5.0.3"
    domutils "^3.0.1"

cheerio@^1.0.0-rc.10:
  version "1.0.0-rc.12"
  resolved "https://registry.npmmirror.com/cheerio/-/cheerio-1.0.0-rc.12.tgz#788bf7466506b1c6bf5fae51d24a2c4d62e47683"
  integrity sha512-VqR8m68vM46BNnuZ5NtnGBKIE/DfN0cRIzg9n40EIq9NOv90ayxLBXA8fXC5gquFRGJSTRqBq25Jt2ECLR431Q==
  dependencies:
    cheerio-select "^2.1.0"
    dom-serializer "^2.0.0"
    domhandler "^5.0.3"
    domutils "^3.0.1"
    htmlparser2 "^8.0.1"
    parse5 "^7.0.0"
    parse5-htmlparser2-tree-adapter "^7.0.0"

copy-anything@^2.0.1:
  version "2.0.6"
  resolved "https://registry.npmmirror.com/copy-anything/-/copy-anything-2.0.6.tgz#092454ea9584a7b7ad5573062b2a87f5900fc480"
  integrity sha512-1j20GZTsvKNkc4BY3NpMOM8tt///wY3FpIzozTOFO2ffuZcV61nojHXVKIy3WM+7ADCy5FVhdZYHYDdgTU0yJw==
  dependencies:
    is-what "^3.14.1"

css-select@^5.1.0:
  version "5.1.0"
  resolved "https://registry.npmmirror.com/css-select/-/css-select-5.1.0.tgz#b8ebd6554c3637ccc76688804ad3f6a6fdaea8a6"
  integrity sha512-nwoRF1rvRRnnCqqY7updORDsuqKzqYJ28+oSMaJMMgOauh3fvwHqMS7EZpIPqK8GL+g9mKxF1vP/ZjSeNjEVHg==
  dependencies:
    boolbase "^1.0.0"
    css-what "^6.1.0"
    domhandler "^5.0.2"
    domutils "^3.0.1"
    nth-check "^2.0.1"

css-what@^6.1.0:
  version "6.1.0"
  resolved "https://registry.npmmirror.com/css-what/-/css-what-6.1.0.tgz#fb5effcf76f1ddea2c81bdfaa4de44e79bac70f4"
  integrity sha512-HTUrgRJ7r4dsZKU6GjmpfRK1O76h97Z8MfS1G0FozR+oF2kG6Vfe8JE6zwrkbxigziPHinCJ+gCPjA9EaBDtRw==

csstype@^2.6.8:
  version "2.6.20"
  resolved "https://registry.npmmirror.com/csstype/-/csstype-2.6.20.tgz#9229c65ea0b260cf4d3d997cb06288e36a8d6dda"
  integrity sha512-/WwNkdXfckNgw6S5R125rrW8ez139lBHWouiBvX8dfMFtcn6V81REDqnH7+CRpRipfYlyU1CmOnOxrmGcFOjeA==

debug@^3.2.6:
  version "3.2.7"
  resolved "https://registry.npmmirror.com/debug/-/debug-3.2.7.tgz#72580b7e9145fb39b6676f9c5e5fb100b934179a"
  integrity sha512-CFjzYYAi4ThfiQvizrFQevTTXHtnCqWfe7x1AhgEscTz6ZbLbfoLRLPugTQyBth6f8ZERVUSyWHFD/7Wu4t1XQ==
  dependencies:
    ms "^2.1.1"

dom-serializer@^2.0.0:
  version "2.0.0"
  resolved "https://registry.npmmirror.com/dom-serializer/-/dom-serializer-2.0.0.tgz#e41b802e1eedf9f6cae183ce5e622d789d7d8e53"
  integrity sha512-wIkAryiqt/nV5EQKqQpo3SToSOV9J0DnbJqwK7Wv/Trc92zIAYZ4FlMu+JPFW1DfGFt81ZTCGgDEabffXeLyJg==
  dependencies:
    domelementtype "^2.3.0"
    domhandler "^5.0.2"
    entities "^4.2.0"

domelementtype@^2.3.0:
  version "2.3.0"
  resolved "https://registry.npmmirror.com/domelementtype/-/domelementtype-2.3.0.tgz#5c45e8e869952626331d7aab326d01daf65d589d"
  integrity sha512-OLETBj6w0OsagBwdXnPdN0cnMfF9opN69co+7ZrbfPGrdpPVNBUj02spi6B1N7wChLQiPn4CSH/zJvXw56gmHw==

domhandler@^5.0.1, domhandler@^5.0.2, domhandler@^5.0.3:
  version "5.0.3"
  resolved "https://registry.npmmirror.com/domhandler/-/domhandler-5.0.3.tgz#cc385f7f751f1d1fc650c21374804254538c7d31"
  integrity sha512-cgwlv/1iFQiFnU96XXgROh8xTeetsnJiDsTc7TYCLFd9+/WNkIqPTxiM/8pSd8VIrhXGTf1Ny1q1hquVqDJB5w==
  dependencies:
    domelementtype "^2.3.0"

domutils@^3.0.1:
  version "3.0.1"
  resolved "https://registry.npmmirror.com/domutils/-/domutils-3.0.1.tgz#696b3875238338cb186b6c0612bd4901c89a4f1c"
  integrity sha512-z08c1l761iKhDFtfXO04C7kTdPBLi41zwOZl00WS8b5eiaebNpY00HKbztwBq+e3vyqWNwWF3mP9YLUeqIrF+Q==
  dependencies:
    dom-serializer "^2.0.0"
    domelementtype "^2.3.0"
    domhandler "^5.0.1"

entities@^4.2.0, entities@^4.3.0, entities@^4.4.0:
  version "4.4.0"
  resolved "https://registry.npmmirror.com/entities/-/entities-4.4.0.tgz#97bdaba170339446495e653cfd2db78962900174"
  integrity sha512-oYp7156SP8LkeGD0GF85ad1X9Ai79WtRsZ2gxJqtBuzH+98YUV6jkHEKlZkMbcrjJjIVJNIDP/3WL9wQkoPbWA==

errno@^0.1.1:
  version "0.1.8"
  resolved "https://registry.npmmirror.com/errno/-/errno-0.1.8.tgz#8bb3e9c7d463be4976ff888f76b4809ebc2e811f"
  integrity sha512-dJ6oBr5SQ1VSd9qkk7ByRgb/1SH4JZjCHSW/mr63/QcXO9zLVxvJ6Oy13nio03rxpSnVDDjFor75SjVeZWPW/A==
  dependencies:
    prr "~1.0.1"

esbuild-android-64@0.14.53:
  version "0.14.53"
  resolved "https://registry.npmmirror.com/esbuild-android-64/-/esbuild-android-64-0.14.53.tgz#259bc3ef1399a3cad8f4f67c40ee20779c4de675"
  integrity sha512-fIL93sOTnEU+NrTAVMIKiAw0YH22HWCAgg4N4Z6zov2t0kY9RAJ50zY9ZMCQ+RT6bnOfDt8gCTnt/RaSNA2yRA==

esbuild-android-arm64@0.14.53:
  version "0.14.53"
  resolved "https://registry.npmmirror.com/esbuild-android-arm64/-/esbuild-android-arm64-0.14.53.tgz#2158253d4e8f9fdd2a081bbb4f73b8806178841e"
  integrity sha512-PC7KaF1v0h/nWpvlU1UMN7dzB54cBH8qSsm7S9mkwFA1BXpaEOufCg8hdoEI1jep0KeO/rjZVWrsH8+q28T77A==

esbuild-darwin-64@0.14.53:
  version "0.14.53"
  resolved "https://registry.npmmirror.com/esbuild-darwin-64/-/esbuild-darwin-64-0.14.53.tgz#b4681831fd8f8d06feb5048acbe90d742074cc2a"
  integrity sha512-gE7P5wlnkX4d4PKvLBUgmhZXvL7lzGRLri17/+CmmCzfncIgq8lOBvxGMiQ4xazplhxq+72TEohyFMZLFxuWvg==

esbuild-darwin-arm64@0.14.53:
  version "0.14.53"
  resolved "https://registry.npmmirror.com/esbuild-darwin-arm64/-/esbuild-darwin-arm64-0.14.53.tgz#d267d957852d121b261b3f76ead86e5b5463acc9"
  integrity sha512-otJwDU3hnI15Q98PX4MJbknSZ/WSR1I45il7gcxcECXzfN4Mrpft5hBDHXNRnCh+5858uPXBXA1Vaz2jVWLaIA==

esbuild-freebsd-64@0.14.53:
  version "0.14.53"
  resolved "https://registry.npmmirror.com/esbuild-freebsd-64/-/esbuild-freebsd-64-0.14.53.tgz#aca2af6d72b537fe66a38eb8f374fb66d4c98ca0"
  integrity sha512-WkdJa8iyrGHyKiPF4lk0MiOF87Q2SkE+i+8D4Cazq3/iqmGPJ6u49je300MFi5I2eUsQCkaOWhpCVQMTKGww2w==

esbuild-freebsd-arm64@0.14.53:
  version "0.14.53"
  resolved "https://registry.npmmirror.com/esbuild-freebsd-arm64/-/esbuild-freebsd-arm64-0.14.53.tgz#76282e19312d914c34343c8a7da6cc5f051580b9"
  integrity sha512-9T7WwCuV30NAx0SyQpw8edbKvbKELnnm1FHg7gbSYaatH+c8WJW10g/OdM7JYnv7qkimw2ZTtSA+NokOLd2ydQ==

esbuild-linux-32@0.14.53:
  version "0.14.53"
  resolved "https://registry.npmmirror.com/esbuild-linux-32/-/esbuild-linux-32-0.14.53.tgz#1045d34cf7c5faaf2af3b29cc1573b06580c37e5"
  integrity sha512-VGanLBg5en2LfGDgLEUxQko2lqsOS7MTEWUi8x91YmsHNyzJVT/WApbFFx3MQGhkf+XdimVhpyo5/G0PBY91zg==

esbuild-linux-64@0.14.53:
  version "0.14.53"
  resolved "https://registry.npmmirror.com/esbuild-linux-64/-/esbuild-linux-64-0.14.53.tgz#ab3f2ee2ebb5a6930c72d9539cb34b428808cbe4"
  integrity sha512-pP/FA55j/fzAV7N9DF31meAyjOH6Bjuo3aSKPh26+RW85ZEtbJv9nhoxmGTd9FOqjx59Tc1ZbrJabuiXlMwuZQ==

esbuild-linux-arm64@0.14.53:
  version "0.14.53"
  resolved "https://registry.npmmirror.com/esbuild-linux-arm64/-/esbuild-linux-arm64-0.14.53.tgz#1f5530412f6690949e78297122350488d3266cfe"
  integrity sha512-GDmWITT+PMsjCA6/lByYk7NyFssW4Q6in32iPkpjZ/ytSyH+xeEx8q7HG3AhWH6heemEYEWpTll/eui3jwlSnw==

esbuild-linux-arm@0.14.53:
  version "0.14.53"
  resolved "https://registry.npmmirror.com/esbuild-linux-arm/-/esbuild-linux-arm-0.14.53.tgz#a44ec9b5b42007ab6c0d65a224ccc6bbd97c54cf"
  integrity sha512-/u81NGAVZMopbmzd21Nu/wvnKQK3pT4CrvQ8BTje1STXcQAGnfyKgQlj3m0j2BzYbvQxSy+TMck4TNV2onvoPA==

esbuild-linux-mips64le@0.14.53:
  version "0.14.53"
  resolved "https://registry.npmmirror.com/esbuild-linux-mips64le/-/esbuild-linux-mips64le-0.14.53.tgz#a4d0b6b17cfdeea4e41b0b085a5f73d99311be9f"
  integrity sha512-d6/XHIQW714gSSp6tOOX2UscedVobELvQlPMkInhx1NPz4ThZI9uNLQ4qQJHGBGKGfu+rtJsxM4NVHLhnNRdWQ==

esbuild-linux-ppc64le@0.14.53:
  version "0.14.53"
  resolved "https://registry.npmmirror.com/esbuild-linux-ppc64le/-/esbuild-linux-ppc64le-0.14.53.tgz#8c331822c85465434e086e3e6065863770c38139"
  integrity sha512-ndnJmniKPCB52m+r6BtHHLAOXw+xBCWIxNnedbIpuREOcbSU/AlyM/2dA3BmUQhsHdb4w3amD5U2s91TJ3MzzA==

esbuild-linux-riscv64@0.14.53:
  version "0.14.53"
  resolved "https://registry.npmmirror.com/esbuild-linux-riscv64/-/esbuild-linux-riscv64-0.14.53.tgz#36fd75543401304bea8a2d63bf8ea18aaa508e00"
  integrity sha512-yG2sVH+QSix6ct4lIzJj329iJF3MhloLE6/vKMQAAd26UVPVkhMFqFopY+9kCgYsdeWvXdPgmyOuKa48Y7+/EQ==

esbuild-linux-s390x@0.14.53:
  version "0.14.53"
  resolved "https://registry.npmmirror.com/esbuild-linux-s390x/-/esbuild-linux-s390x-0.14.53.tgz#1622677ab6824123f48f75d3afc031cd41936129"
  integrity sha512-OCJlgdkB+XPYndHmw6uZT7jcYgzmx9K+28PVdOa/eLjdoYkeAFvH5hTwX4AXGLZLH09tpl4bVsEtvuyUldaNCg==

esbuild-netbsd-64@0.14.53:
  version "0.14.53"
  resolved "https://registry.npmmirror.com/esbuild-netbsd-64/-/esbuild-netbsd-64-0.14.53.tgz#e86d0efd0116658be335492ed12e66b26b4baf52"
  integrity sha512-gp2SB+Efc7MhMdWV2+pmIs/Ja/Mi5rjw+wlDmmbIn68VGXBleNgiEZG+eV2SRS0kJEUyHNedDtwRIMzaohWedQ==

esbuild-openbsd-64@0.14.53:
  version "0.14.53"
  resolved "https://registry.npmmirror.com/esbuild-openbsd-64/-/esbuild-openbsd-64-0.14.53.tgz#9bcbbe6f86304872c6e91f64c8eb73fc29c3588b"
  integrity sha512-eKQ30ZWe+WTZmteDYg8S+YjHV5s4iTxeSGhJKJajFfQx9TLZJvsJX0/paqwP51GicOUruFpSUAs2NCc0a4ivQQ==

esbuild-sunos-64@0.14.53:
  version "0.14.53"
  resolved "https://registry.npmmirror.com/esbuild-sunos-64/-/esbuild-sunos-64-0.14.53.tgz#f7a872f7460bfb7b131f7188a95fbce3d1c577e8"
  integrity sha512-OWLpS7a2FrIRukQqcgQqR1XKn0jSJoOdT+RlhAxUoEQM/IpytS3FXzCJM6xjUYtpO5GMY0EdZJp+ur2pYdm39g==

esbuild-windows-32@0.14.53:
  version "0.14.53"
  resolved "https://registry.npmmirror.com/esbuild-windows-32/-/esbuild-windows-32-0.14.53.tgz#c5e3ca50e2d1439cc2c9fe4defa63bcd474ce709"
  integrity sha512-m14XyWQP5rwGW0tbEfp95U6A0wY0DYPInWBB7D69FAXUpBpBObRoGTKRv36lf2RWOdE4YO3TNvj37zhXjVL5xg==

esbuild-windows-64@0.14.53:
  version "0.14.53"
  resolved "https://registry.npmmirror.com/esbuild-windows-64/-/esbuild-windows-64-0.14.53.tgz#ec2ab4a60c5215f092ffe1eab6d01319e88238af"
  integrity sha512-s9skQFF0I7zqnQ2K8S1xdLSfZFsPLuOGmSx57h2btSEswv0N0YodYvqLcJMrNMXh6EynOmWD7rz+0rWWbFpIHQ==

esbuild-windows-arm64@0.14.53:
  version "0.14.53"
  resolved "https://registry.npmmirror.com/esbuild-windows-arm64/-/esbuild-windows-arm64-0.14.53.tgz#f71d403806bdf9f4a1f9d097db9aec949bd675c8"
  integrity sha512-E+5Gvb+ZWts+00T9II6wp2L3KG2r3iGxByqd/a1RmLmYWVsSVUjkvIxZuJ3hYTIbhLkH5PRwpldGTKYqVz0nzQ==

esbuild@^0.14.47:
  version "0.14.53"
  resolved "https://registry.npmmirror.com/esbuild/-/esbuild-0.14.53.tgz#20b1007f686e8584f2a01a1bec5a37aac9498ce4"
  integrity sha512-ohO33pUBQ64q6mmheX1mZ8mIXj8ivQY/L4oVuAshr+aJI+zLl+amrp3EodrUNDNYVrKJXGPfIHFGhO8slGRjuw==
  optionalDependencies:
    "@esbuild/linux-loong64" "0.14.53"
    esbuild-android-64 "0.14.53"
    esbuild-android-arm64 "0.14.53"
    esbuild-darwin-64 "0.14.53"
    esbuild-darwin-arm64 "0.14.53"
    esbuild-freebsd-64 "0.14.53"
    esbuild-freebsd-arm64 "0.14.53"
    esbuild-linux-32 "0.14.53"
    esbuild-linux-64 "0.14.53"
    esbuild-linux-arm "0.14.53"
    esbuild-linux-arm64 "0.14.53"
    esbuild-linux-mips64le "0.14.53"
    esbuild-linux-ppc64le "0.14.53"
    esbuild-linux-riscv64 "0.14.53"
    esbuild-linux-s390x "0.14.53"
    esbuild-netbsd-64 "0.14.53"
    esbuild-openbsd-64 "0.14.53"
    esbuild-sunos-64 "0.14.53"
    esbuild-windows-32 "0.14.53"
    esbuild-windows-64 "0.14.53"
    esbuild-windows-arm64 "0.14.53"

estree-walker@^2.0.2:
  version "2.0.2"
  resolved "https://registry.npmmirror.com/estree-walker/-/estree-walker-2.0.2.tgz#52f010178c2a4c117a7757cfe942adb7d2da4cac"
  integrity sha512-Rfkk/Mp/DL7JVje3u18FxFujQlTNR2q6QfMSMB7AvCBx91NGj/ba3kCfza0f6dVDbw7YlRf/nDrn7pQrCCyQ/w==

fsevents@~2.3.2:
  version "2.3.2"
  resolved "https://registry.npmmirror.com/fsevents/-/fsevents-2.3.2.tgz#8a526f78b8fdf4623b709e0b975c52c24c02fd1a"
  integrity sha512-xiqMQR4xAeHTuB9uWm+fFRcIOgKBMiOBP+eXiyT7jsgVCq1bkVygt00oASowB7EdtpOHaaPgKt812P9ab+DDKA==

function-bind@^1.1.1:
  version "1.1.1"
  resolved "https://registry.npmmirror.com/function-bind/-/function-bind-1.1.1.tgz#a56899d3ea3c9bab874bb9773b7c5ede92f4895d"
  integrity sha512-yIovAzMX49sF8Yl58fSCWJ5svSLuaibPxXQJFLmBObTuCr0Mf1KiPopGM9NiFjiYBCbfaa2Fh6breQ6ANVTI0A==

graceful-fs@^4.1.2:
  version "4.2.10"
  resolved "https://registry.npmmirror.com/graceful-fs/-/graceful-fs-4.2.10.tgz#147d3a006da4ca3ce14728c7aefc287c367d7a6c"
  integrity sha512-9ByhssR2fPVsNZj478qUUbKfmL0+t5BDVyjShtyZZLiK7ZDAArFFfopyOTj0M05wE2tJPisA4iTnnXl2YoPvOA==

has@^1.0.3:
  version "1.0.3"
  resolved "https://registry.npmmirror.com/has/-/has-1.0.3.tgz#722d7cbfc1f6aa8241f16dd814e011e1f41e8796"
  integrity sha512-f2dvO0VU6Oej7RkWJGrehjbzMAjFp5/VKPp5tTpWIV4JHHZK1/BxbFRtf/siA2SWTe09caDmVtYYzWEIbBS4zw==
  dependencies:
    function-bind "^1.1.1"

htmlparser2@^8.0.1:
  version "8.0.1"
  resolved "https://registry.npmmirror.com/htmlparser2/-/htmlparser2-8.0.1.tgz#abaa985474fcefe269bc761a779b544d7196d010"
  integrity sha512-4lVbmc1diZC7GUJQtRQ5yBAeUCL1exyMwmForWkRLnwyzWBFxN633SALPMGYaWZvKe9j1pRZJpauvmxENSp/EA==
  dependencies:
    domelementtype "^2.3.0"
    domhandler "^5.0.2"
    domutils "^3.0.1"
    entities "^4.3.0"

iconv-lite@^0.6.3:
  version "0.6.3"
  resolved "https://registry.npmmirror.com/iconv-lite/-/iconv-lite-0.6.3.tgz#a52f80bf38da1952eb5c681790719871a1a72501"
  integrity sha512-4fCk79wshMdzMp2rH06qWrJE4iolqLhCUH+OiuIgU++RB0+94NlDL81atO7GX55uUKueo0txHNtvEyI6D7WdMw==
  dependencies:
    safer-buffer ">= 2.1.2 < 3.0.0"

image-size@~0.5.0:
  version "0.5.5"
  resolved "https://registry.npmmirror.com/image-size/-/image-size-0.5.5.tgz#09dfd4ab9d20e29eb1c3e80b8990378df9e3cb9c"
  integrity sha512-6TDAlDPZxUFCv+fuOkIoXT/V/f3Qbq8e37p+YOiYrUv3v9cc3/6x78VdfPgFVaB9dZYeLUfKgHRebpkm/oP2VQ==

is-core-module@^2.9.0:
  version "2.10.0"
  resolved "https://registry.npmmirror.com/is-core-module/-/is-core-module-2.10.0.tgz#9012ede0a91c69587e647514e1d5277019e728ed"
  integrity sha512-Erxj2n/LDAZ7H8WNJXd9tw38GYM3dv8rk8Zcs+jJuxYTW7sozH+SS8NtrSjVL1/vpLvWi1hxy96IzjJ3EHTJJg==
  dependencies:
    has "^1.0.3"

is-what@^3.14.1:
  version "3.14.1"
  resolved "https://registry.npmmirror.com/is-what/-/is-what-3.14.1.tgz#e1222f46ddda85dead0fd1c9df131760e77755c1"
  integrity sha512-sNxgpk9793nzSs7bA6JQJGeIuRBQhAaNGG77kzYQgMkrID+lS6SlK07K5LaptscDlSaIgH+GPFzf+d75FVxozA==

klona@^2.0.4:
  version "2.0.5"
  resolved "https://registry.npmmirror.com/klona/-/klona-2.0.5.tgz#d166574d90076395d9963aa7a928fabb8d76afbc"
  integrity sha512-pJiBpiXMbt7dkzXe8Ghj/u4FfXOOa98fPW+bihOJ4SjnoijweJrNThJfd3ifXpXhREjpoF2mZVH1GfS9LV3kHQ==

less-loader@^11.1.0:
  version "11.1.0"
  resolved "https://registry.npmmirror.com/less-loader/-/less-loader-11.1.0.tgz#a452384259bdf8e4f6d5fdcc39543609e6313f82"
  integrity sha512-C+uDBV7kS7W5fJlUjq5mPBeBVhYpTIm5gB09APT9o3n/ILeaXVsiSFTbZpTJCJwQ/Crczfn3DmfQFwxYusWFug==
  dependencies:
    klona "^2.0.4"

less@^4.1.3:
  version "4.1.3"
  resolved "https://registry.npmmirror.com/less/-/less-4.1.3.tgz#175be9ddcbf9b250173e0a00b4d6920a5b770246"
  integrity sha512-w16Xk/Ta9Hhyei0Gpz9m7VS8F28nieJaL/VyShID7cYvP6IL5oHeL6p4TXSDJqZE/lNv0oJ2pGVjJsRkfwm5FA==
  dependencies:
    copy-anything "^2.0.1"
    parse-node-version "^1.0.1"
    tslib "^2.3.0"
  optionalDependencies:
    errno "^0.1.1"
    graceful-fs "^4.1.2"
    image-size "~0.5.0"
    make-dir "^2.1.0"
    mime "^1.4.1"
    needle "^3.1.0"
    source-map "~0.6.0"

magic-string@^0.25.7:
  version "0.25.9"
  resolved "https://registry.npmmirror.com/magic-string/-/magic-string-0.25.9.tgz#de7f9faf91ef8a1c91d02c2e5314c8277dbcdd1c"
  integrity sha512-RmF0AsMzgt25qzqqLc1+MbHmhdx0ojF2Fvs4XnOqz2ZOBXzzkEwc/dJQZCYHAn7v1jbVOjAZfK8msRn4BxO4VQ==
  dependencies:
    sourcemap-codec "^1.4.8"

make-dir@^2.1.0:
  version "2.1.0"
  resolved "https://registry.npmmirror.com/make-dir/-/make-dir-2.1.0.tgz#5f0310e18b8be898cc07009295a30ae41e91e6f5"
  integrity sha512-LS9X+dc8KLxXCb8dni79fLIIUA5VyZoyjSMCwTluaXA0o27cCK0bhXkpgw+sTXVpPy/lSO57ilRixqk0vDmtRA==
  dependencies:
    pify "^4.0.1"
    semver "^5.6.0"

mime@^1.4.1:
  version "1.6.0"
  resolved "https://registry.npmmirror.com/mime/-/mime-1.6.0.tgz#32cd9e5c64553bd58d19a568af452acff04981b1"
  integrity sha512-x0Vn8spI+wuJ1O6S7gnbaQg8Pxh4NNHb7KSINmEWKiPE4RKOplvijn+NkmYmmRgP68mc70j2EbeTFRsrswaQeg==

mitt@^3.0.0:
  version "3.0.0"
  resolved "https://registry.npmmirror.com/mitt/-/mitt-3.0.0.tgz#69ef9bd5c80ff6f57473e8d89326d01c414be0bd"
  integrity sha512-7dX2/10ITVyqh4aOSVI9gdape+t9l2/8QxHrFmUXu4EEUpdlxl6RudZUPZoc+zuY2hk1j7XxVroIVIan/pD/SQ==

ms@^2.1.1:
  version "2.1.3"
  resolved "https://registry.npmmirror.com/ms/-/ms-2.1.3.tgz#574c8138ce1d2b5861f0b44579dbadd60c6615b2"
  integrity sha512-6FlzubTLZG3J2a/NVCAleEhjzq5oxgHyaCU9yYXvcLsvoVaHJq/s5xXI6/XXP6tz7R9xAOtHnSO/tXtF3WRTlA==

nanoid@^3.3.4:
  version "3.3.4"
  resolved "https://registry.npmmirror.com/nanoid/-/nanoid-3.3.4.tgz#730b67e3cd09e2deacf03c027c81c9d9dbc5e8ab"
  integrity sha512-MqBkQh/OHTS2egovRtLk45wEyNXwF+cokD+1YPf9u5VfJiRdAiRwB2froX5Co9Rh20xs4siNPm8naNotSD6RBw==

needle@^3.1.0:
  version "3.2.0"
  resolved "https://registry.npmmirror.com/needle/-/needle-3.2.0.tgz#07d240ebcabfd65c76c03afae7f6defe6469df44"
  integrity sha512-oUvzXnyLiVyVGoianLijF9O/RecZUf7TkBfimjGrLM4eQhXyeJwM6GeAWccwfQ9aa4gMCZKqhAOuLaMIcQxajQ==
  dependencies:
    debug "^3.2.6"
    iconv-lite "^0.6.3"
    sax "^1.2.4"

nth-check@^2.0.1:
  version "2.1.1"
  resolved "https://registry.npmmirror.com/nth-check/-/nth-check-2.1.1.tgz#c9eab428effce36cd6b92c924bdb000ef1f1ed1d"
  integrity sha512-lqjrjmaOoAnWfMmBPL+XNnynZh2+swxiX3WUE0s4yEHI6m+AwrK2UZOimIRl3X/4QctVqS8AiZjFqyOGrMXb/w==
  dependencies:
    boolbase "^1.0.0"

parse-node-version@^1.0.1:
  version "1.0.1"
  resolved "https://registry.npmmirror.com/parse-node-version/-/parse-node-version-1.0.1.tgz#e2b5dbede00e7fa9bc363607f53327e8b073189b"
  integrity sha512-3YHlOa/JgH6Mnpr05jP9eDG254US9ek25LyIxZlDItp2iJtwyaXQb57lBYLdT3MowkUFYEV2XXNAYIPlESvJlA==

parse5-htmlparser2-tree-adapter@^7.0.0:
  version "7.0.0"
  resolved "https://registry.npmmirror.com/parse5-htmlparser2-tree-adapter/-/parse5-htmlparser2-tree-adapter-7.0.0.tgz#23c2cc233bcf09bb7beba8b8a69d46b08c62c2f1"
  integrity sha512-B77tOZrqqfUfnVcOrUvfdLbz4pu4RopLD/4vmu3HUPswwTA8OH0EMW9BlWR2B0RCoiZRAHEUu7IxeP1Pd1UU+g==
  dependencies:
    domhandler "^5.0.2"
    parse5 "^7.0.0"

parse5@^7.0.0:
  version "7.1.2"
  resolved "https://registry.npmmirror.com/parse5/-/parse5-7.1.2.tgz#0736bebbfd77793823240a23b7fc5e010b7f8e32"
  integrity sha512-Czj1WaSVpaoj0wbhMzLmWD69anp2WH7FXMB9n1Sy8/ZFF9jolSQVMu1Ij5WIyGmcBmhk7EOndpO4mIpihVqAXw==
  dependencies:
    entities "^4.4.0"

path-parse@^1.0.7:
  version "1.0.7"
  resolved "https://registry.npmmirror.com/path-parse/-/path-parse-1.0.7.tgz#fbc114b60ca42b30d9daf5858e4bd68bbedb6735"
  integrity sha512-LDJzPVEEEPR+y48z93A0Ed0yXb8pAByGWo/k5YYdYgpY2/2EsOsksJrq7lOHxryrVOn1ejG6oAp8ahvOIQD8sw==

picocolors@^1.0.0:
  version "1.0.0"
  resolved "https://registry.npmmirror.com/picocolors/-/picocolors-1.0.0.tgz#cb5bdc74ff3f51892236eaf79d68bc44564ab81c"
  integrity sha512-1fygroTLlHu66zi26VoTDv8yRgm0Fccecssto+MhsZ0D/DGW2sm8E8AjW7NU5VVTRt5GxbeZ5qBuJr+HyLYkjQ==

pify@^4.0.1:
  version "4.0.1"
  resolved "https://registry.npmmirror.com/pify/-/pify-4.0.1.tgz#4b2cd25c50d598735c50292224fd8c6df41e3231"
  integrity sha512-uB80kBFb/tfd68bVleG9T5GGsGPjJrLAUpR5PZIrhBnIaRTQRjqdJSsIKkOP6OAIFbj7GOrcudc5pNjZ+geV2g==

postcss@^8.1.10, postcss@^8.4.14:
  version "8.4.16"
  resolved "https://registry.npmmirror.com/postcss/-/postcss-8.4.16.tgz#33a1d675fac39941f5f445db0de4db2b6e01d43c"
  integrity sha512-ipHE1XBvKzm5xI7hiHCZJCSugxvsdq2mPnsq5+UF+VHCjiBvtDrlxJfMBToWaP9D5XlgNmcFGqoHmUn0EYEaRQ==
  dependencies:
    nanoid "^3.3.4"
    picocolors "^1.0.0"
    source-map-js "^1.0.2"

prettier@^2.8.2:
  version "2.8.2"
  resolved "https://registry.npmmirror.com/prettier/-/prettier-2.8.2.tgz#c4ea1b5b454d7c4b59966db2e06ed7eec5dfd160"
  integrity sha512-BtRV9BcncDyI2tsuS19zzhzoxD8Dh8LiCx7j7tHzrkz8GFXAexeWFdi22mjE1d16dftH2qNaytVxqiRTGlMfpw==

prr@~1.0.1:
  version "1.0.1"
  resolved "https://registry.npmmirror.com/prr/-/prr-1.0.1.tgz#d3fc114ba06995a45ec6893f484ceb1d78f5f476"
  integrity sha512-yPw4Sng1gWghHQWj0B3ZggWUm4qVbPwPFcRG8KyxiU7J2OHFSoEHKS+EZ3fv5l1t9CyCiop6l/ZYeWbrgoQejw==

resolve@^1.22.1:
  version "1.22.1"
  resolved "https://registry.npmmirror.com/resolve/-/resolve-1.22.1.tgz#27cb2ebb53f91abb49470a928bba7558066ac177"
  integrity sha512-nBpuuYuY5jFsli/JIs1oldw6fOQCBioohqWZg/2hiaOybXOft4lonv85uDOKXdf8rhyK159cxU5cDcK/NKk8zw==
  dependencies:
    is-core-module "^2.9.0"
    path-parse "^1.0.7"
    supports-preserve-symlinks-flag "^1.0.0"

rollup@^2.75.6:
  version "2.77.2"
  resolved "https://registry.npmmirror.com/rollup/-/rollup-2.77.2.tgz#6b6075c55f9cc2040a5912e6e062151e42e2c4e3"
  integrity sha512-m/4YzYgLcpMQbxX3NmAqDvwLATZzxt8bIegO78FZLl+lAgKJBd1DRAOeEiZcKOIOPjxE6ewHWHNgGEalFXuz1g==
  optionalDependencies:
    fsevents "~2.3.2"

"safer-buffer@>= 2.1.2 < 3.0.0":
  version "2.1.2"
  resolved "https://registry.npmmirror.com/safer-buffer/-/safer-buffer-2.1.2.tgz#44fa161b0187b9549dd84bb91802f9bd8385cd6a"
  integrity sha512-YZo3K82SD7Riyi0E1EQPojLz7kpepnSQI9IyPbHHg1XXXevb5dJI7tpyN2ADxGcQbHG7vcyRHk0cbwqcQriUtg==

sax@^1.2.4:
  version "1.2.4"
  resolved "https://registry.npmmirror.com/sax/-/sax-1.2.4.tgz#2816234e2378bddc4e5354fab5caa895df7100d9"
  integrity sha512-NqVDv9TpANUjFm0N8uM5GxL36UgKi9/atZw+x7YFnQ8ckwFGKrl4xX4yWtrey3UJm5nP1kUbnYgLopqWNSRhWw==

semver@^5.6.0:
  version "5.7.1"
  resolved "https://registry.npmmirror.com/semver/-/semver-5.7.1.tgz#a954f931aeba508d307bbf069eff0c01c96116f7"
  integrity sha512-sauaDf/PZdVgrLTNYHRtpXa1iRiKcaebiKQ1BJdpQlWH2lCvexQdX55snPFyK7QzpudqbCI0qXFfOasHdyNDGQ==

source-map-js@^1.0.2:
  version "1.0.2"
  resolved "https://registry.npmmirror.com/source-map-js/-/source-map-js-1.0.2.tgz#adbc361d9c62df380125e7f161f71c826f1e490c"
  integrity sha512-R0XvVJ9WusLiqTCEiGCmICCMplcCkIwwR11mOSD9CR5u+IXYdiseeEuXCVAjS54zqwkLcPNnmU4OeJ6tUrWhDw==

source-map@^0.6.1, source-map@~0.6.0:
  version "0.6.1"
  resolved "https://registry.npmmirror.com/source-map/-/source-map-0.6.1.tgz#74722af32e9614e9c287a8d0bbde48b5e2f1a263"
  integrity sha512-UjgapumWlbMhkBgzT7Ykc5YXUT46F0iKu8SGXq0bcwP5dz/h0Plj6enJqjz1Zbq2l5WaqYnrVbwWOWMyF3F47g==

sourcemap-codec@^1.4.8:
  version "1.4.8"
  resolved "https://registry.npmmirror.com/sourcemap-codec/-/sourcemap-codec-1.4.8.tgz#ea804bd94857402e6992d05a38ef1ae35a9ab4c4"
  integrity sha512-9NykojV5Uih4lgo5So5dtw+f0JgJX30KCNI8gwhz2J9A15wD0Ml6tjHKwf6fTSa6fAdVBdZeNOs9eJ71qCk8vA==

supports-preserve-symlinks-flag@^1.0.0:
  version "1.0.0"
  resolved "https://registry.npmmirror.com/supports-preserve-symlinks-flag/-/supports-preserve-symlinks-flag-1.0.0.tgz#6eda4bd344a3c94aea376d4cc31bc77311039e09"
  integrity sha512-ot0WnXS9fgdkgIcePe6RHNk1WA8+muPa6cSjeR3V8K27q9BB1rTE3R1p7Hv0z1ZyAc8s6Vvv8DIyWf681MAt0w==

three@^0.143.0:
  version "0.143.0"
  resolved "https://registry.npmmirror.com/three/-/three-0.143.0.tgz#1455bca132cc2b20beb7f41d313e10c29e5ed9df"
  integrity sha512-oKcAGYHhJ46TGEuHjodo2n6TY2R6lbvrkp+feKZxqsUL/WkH7GKKaeu6RHeyb2Xjfk2dPLRKLsOP0KM2VgT8Zg==

tslib@^2.3.0:
  version "2.4.1"
  resolved "https://registry.npmmirror.com/tslib/-/tslib-2.4.1.tgz#0d0bfbaac2880b91e22df0768e55be9753a5b17e"
  integrity sha512-tGyy4dAjRIEwI7BzsB0lynWgOpfqjUdq91XXAlIWD2OwKBH7oCl/GZG/HT4BOHrTlPMOASlMQ7veyTqpmRcrNA==

tween@^0.9.0:
  version "0.9.0"
  resolved "https://registry.npmmirror.com/tween/-/tween-0.9.0.tgz#f856c7a9c9ab85ca9a2bc02282591aa2513a20ed"
  integrity sha512-/Wpqy/fkHzp8VJ0kh52Lssett+5o1X6XaLLZIDFI4Biuk6GEgyGZPihq1zNR9wjj+PcgYCPheV5gxMXyKgtZsw==

vite-plugin-qiankun@^1.0.15:
  version "1.0.15"
  resolved "https://registry.npmmirror.com/vite-plugin-qiankun/-/vite-plugin-qiankun-1.0.15.tgz#862bb6935c50db31536cf322e13f3bf59e1adace"
  integrity sha512-0QB0Wr8Eu/LGcuJAfuNXDb7BAFDszo3GCxq4bzgXdSFAlK425u1/UGMxaDEBVA1uPFrLsZPzig83Ufdfl6J45A==
  dependencies:
    cheerio "^1.0.0-rc.10"

vite@^3.0.0:
  version "3.0.4"
  resolved "https://registry.npmmirror.com/vite/-/vite-3.0.4.tgz#c61688d6b97573e96cf5ac25f2d68597b5ce68e8"
  integrity sha512-NU304nqnBeOx2MkQnskBQxVsa0pRAH5FphokTGmyy8M3oxbvw7qAXts2GORxs+h/2vKsD+osMhZ7An6yK6F1dA==
  dependencies:
    esbuild "^0.14.47"
    postcss "^8.4.14"
    resolve "^1.22.1"
    rollup "^2.75.6"
  optionalDependencies:
    fsevents "~2.3.2"

vue-router@^4.1.6:
  version "4.1.6"
  resolved "https://registry.npmmirror.com/vue-router/-/vue-router-4.1.6.tgz#b70303737e12b4814578d21d68d21618469375a1"
  integrity sha512-DYWYwsG6xNPmLq/FmZn8Ip+qrhFEzA14EI12MsMgVxvHFDYvlr4NXpVF5hrRH1wVcDP8fGi5F4rxuJSl8/r+EQ==
  dependencies:
    "@vue/devtools-api" "^6.4.5"

vue@^3.2.37:
  version "3.2.37"
  resolved "https://registry.npmmirror.com/vue/-/vue-3.2.37.tgz#da220ccb618d78579d25b06c7c21498ca4e5452e"
  integrity sha512-bOKEZxrm8Eh+fveCqS1/NkG/n6aMidsI6hahas7pa0w/l7jkbssJVsRhVDs07IdDq7h9KHswZOgItnwJAgtVtQ==
  dependencies:
    "@vue/compiler-dom" "3.2.37"
    "@vue/compiler-sfc" "3.2.37"
    "@vue/runtime-dom" "3.2.37"
    "@vue/server-renderer" "3.2.37"
    "@vue/shared" "3.2.37"
